// !$*UTF8*$!
{
	archiveVersion = 1;
	classes = {
	};
	objectVersion = 55;
	objects = {

/* Begin PBXBuildFile section */
		AA08481F272242890030A005 /* AppDelegate.swift in Sources */ = {isa = PBXBuildFile; fileRef = AA08481E272242890030A005 /* AppDelegate.swift */; };
		AA084821272242890030A005 /* SceneDelegate.swift in Sources */ = {isa = PBXBuildFile; fileRef = AA084820272242890030A005 /* SceneDelegate.swift */; };
		AA084823272242890030A005 /* ViewController.swift in Sources */ = {isa = PBXBuildFile; fileRef = AA084822272242890030A005 /* ViewController.swift */; };
		AA084826272242890030A005 /* Main.storyboard in Resources */ = {isa = PBXBuildFile; fileRef = AA084824272242890030A005 /* Main.storyboard */; };
		AA0848282722428B0030A005 /* Assets.xcassets in Resources */ = {isa = PBXBuildFile; fileRef = AA0848272722428B0030A005 /* Assets.xcassets */; };
		AA08482B2722428B0030A005 /* LaunchScreen.storyboard in Resources */ = {isa = PBXBuildFile; fileRef = AA0848292722428B0030A005 /* LaunchScreen.storyboard */; };
		AA08483B272249A00030A005 /* CharacterViewController.swift in Sources */ = {isa = PBXBuildFile; fileRef = AA08483A272249A00030A005 /* CharacterViewController.swift */; };
		AA08484327224F560030A005 /* CharacterCellTableViewCell.xib in Resources */ = {isa = PBXBuildFile; fileRef = AA08484127224F560030A005 /* CharacterCellTableViewCell.xib */; };
		AA084845272361A20030A005 /* CharacterInfoViewController.swift in Sources */ = {isa = PBXBuildFile; fileRef = AA084844272361A20030A005 /* CharacterInfoViewController.swift */; };
		AA084849272691D40030A005 /* Character.swift in Sources */ = {isa = PBXBuildFile; fileRef = AA084848272691D40030A005 /* Character.swift */; };
		AA08484B272691E00030A005 /* Characters.swift in Sources */ = {isa = PBXBuildFile; fileRef = AA08484A272691E00030A005 /* Characters.swift */; };
		AA181895272759A8001FF35B /* CharacterCellTableViewCell.swift in Sources */ = {isa = PBXBuildFile; fileRef = AA181894272759A8001FF35B /* CharacterCellTableViewCell.swift */; };
/* End PBXBuildFile section */

/* Begin PBXFileReference section */
		AA08481B272242890030A005 /* Betrayal at House on the Hill.app */ = {isa = PBXFileReference; explicitFileType = wrapper.application; includeInIndex = 0; path = "Betrayal at House on the Hill.app"; sourceTree = BUILT_PRODUCTS_DIR; };
		AA08481E272242890030A005 /* AppDelegate.swift */ = {isa = PBXFileReference; lastKnownFileType = sourcecode.swift; path = AppDelegate.swift; sourceTree = "<group>"; };
		AA084820272242890030A005 /* SceneDelegate.swift */ = {isa = PBXFileReference; lastKnownFileType = sourcecode.swift; path = SceneDelegate.swift; sourceTree = "<group>"; };
		AA084822272242890030A005 /* ViewController.swift */ = {isa = PBXFileReference; lastKnownFileType = sourcecode.swift; path = ViewController.swift; sourceTree = "<group>"; };
		AA084825272242890030A005 /* Base */ = {isa = PBXFileReference; lastKnownFileType = file.storyboard; name = Base; path = Base.lproj/Main.storyboard; sourceTree = "<group>"; };
		AA0848272722428B0030A005 /* Assets.xcassets */ = {isa = PBXFileReference; lastKnownFileType = folder.assetcatalog; path = Assets.xcassets; sourceTree = "<group>"; };
		AA08482A2722428B0030A005 /* Base */ = {isa = PBXFileReference; lastKnownFileType = file.storyboard; name = Base; path = Base.lproj/LaunchScreen.storyboard; sourceTree = "<group>"; };
		AA08482C2722428B0030A005 /* Info.plist */ = {isa = PBXFileReference; lastKnownFileType = text.plist.xml; path = Info.plist; sourceTree = "<group>"; };
		AA08483A272249A00030A005 /* CharacterViewController.swift */ = {isa = PBXFileReference; lastKnownFileType = sourcecode.swift; path = CharacterViewController.swift; sourceTree = "<group>"; };
		AA08484127224F560030A005 /* CharacterCellTableViewCell.xib */ = {isa = PBXFileReference; lastKnownFileType = file.xib; path = CharacterCellTableViewCell.xib; sourceTree = "<group>"; };
		AA084844272361A20030A005 /* CharacterInfoViewController.swift */ = {isa = PBXFileReference; lastKnownFileType = sourcecode.swift; path = CharacterInfoViewController.swift; sourceTree = "<group>"; };
		AA084848272691D40030A005 /* Character.swift */ = {isa = PBXFileReference; lastKnownFileType = sourcecode.swift; path = Character.swift; sourceTree = "<group>"; };
		AA08484A272691E00030A005 /* Characters.swift */ = {isa = PBXFileReference; lastKnownFileType = sourcecode.swift; path = Characters.swift; sourceTree = "<group>"; };
		AA181894272759A8001FF35B /* CharacterCellTableViewCell.swift */ = {isa = PBXFileReference; fileEncoding = 4; lastKnownFileType = sourcecode.swift; path = CharacterCellTableViewCell.swift; sourceTree = "<group>"; };
/* End PBXFileReference section */

/* Begin PBXFrameworksBuildPhase section */
		AA084818272242890030A005 /* Frameworks */ = {
			isa = PBXFrameworksBuildPhase;
			buildActionMask = 2147483647;
			files = (
			);
			runOnlyForDeploymentPostprocessing = 0;
		};
/* End PBXFrameworksBuildPhase section */

/* Begin PBXGroup section */
		AA084812272242890030A005 = {
			isa = PBXGroup;
			children = (
				AA08481D272242890030A005 /* Betrayal at House on the Hill */,
				AA08481C272242890030A005 /* Products */,
			);
			sourceTree = "<group>";
		};
		AA08481C272242890030A005 /* Products */ = {
			isa = PBXGroup;
			children = (
				AA08481B272242890030A005 /* Betrayal at House on the Hill.app */,
			);
			name = Products;
			sourceTree = "<group>";
		};
		AA08481D272242890030A005 /* Betrayal at House on the Hill */ = {
			isa = PBXGroup;
			children = (
				AA084846272691BD0030A005 /* Model */,
				AA084838272249730030A005 /* View */,
				AA0848392722497A0030A005 /* Controller */,
				AA08481E272242890030A005 /* AppDelegate.swift */,
				AA084820272242890030A005 /* SceneDelegate.swift */,
				AA0848272722428B0030A005 /* Assets.xcassets */,
				AA0848292722428B0030A005 /* LaunchScreen.storyboard */,
				AA08482C2722428B0030A005 /* Info.plist */,
			);
			path = "Betrayal at House on the Hill";
			sourceTree = "<group>";
		};
		AA084838272249730030A005 /* View */ = {
			isa = PBXGroup;
			children = (
				AA084824272242890030A005 /* Main.storyboard */,
				AA181894272759A8001FF35B /* CharacterCellTableViewCell.swift */,
				AA08484127224F560030A005 /* CharacterCellTableViewCell.xib */,
			);
			path = View;
			sourceTree = "<group>";
		};
		AA0848392722497A0030A005 /* Controller */ = {
			isa = PBXGroup;
			children = (
				AA084822272242890030A005 /* ViewController.swift */,
				AA08483A272249A00030A005 /* CharacterViewController.swift */,
				AA084844272361A20030A005 /* CharacterInfoViewController.swift */,
			);
			path = Controller;
			sourceTree = "<group>";
		};
		AA084846272691BD0030A005 /* Model */ = {
			isa = PBXGroup;
			children = (
				AA084847272691C40030A005 /* Character */,
			);
			path = Model;
			sourceTree = "<group>";
		};
		AA084847272691C40030A005 /* Character */ = {
			isa = PBXGroup;
			children = (
				AA084848272691D40030A005 /* Character.swift */,
				AA08484A272691E00030A005 /* Characters.swift */,
			);
			path = Character;
			sourceTree = "<group>";
		};
/* End PBXGroup section */

/* Begin PBXNativeTarget section */
		AA08481A272242890030A005 /* Betrayal at House on the Hill */ = {
			isa = PBXNativeTarget;
			buildConfigurationList = AA08482F2722428B0030A005 /* Build configuration list for PBXNativeTarget "Betrayal at House on the Hill" */;
			buildPhases = (
				AA084817272242890030A005 /* Sources */,
				AA084818272242890030A005 /* Frameworks */,
				AA084819272242890030A005 /* Resources */,
			);
			buildRules = (
			);
			dependencies = (
			);
			name = "Betrayal at House on the Hill";
			productName = "Betrayal at House on the Hill";
			productReference = AA08481B272242890030A005 /* Betrayal at House on the Hill.app */;
			productType = "com.apple.product-type.application";
		};
/* End PBXNativeTarget section */

/* Begin PBXProject section */
		AA084813272242890030A005 /* Project object */ = {
			isa = PBXProject;
			attributes = {
				BuildIndependentTargetsInParallel = 1;
				LastSwiftUpdateCheck = 1300;
				LastUpgradeCheck = 1300;
				TargetAttributes = {
					AA08481A272242890030A005 = {
						CreatedOnToolsVersion = 13.0;
					};
				};
			};
			buildConfigurationList = AA084816272242890030A005 /* Build configuration list for PBXProject "Betrayal at House on the Hill" */;
			compatibilityVersion = "Xcode 13.0";
			developmentRegion = en;
			hasScannedForEncodings = 0;
			knownRegions = (
				en,
				Base,
			);
			mainGroup = AA084812272242890030A005;
			productRefGroup = AA08481C272242890030A005 /* Products */;
			projectDirPath = "";
			projectRoot = "";
			targets = (
				AA08481A272242890030A005 /* Betrayal at House on the Hill */,
			);
		};
/* End PBXProject section */

/* Begin PBXResourcesBuildPhase section */
		AA084819272242890030A005 /* Resources */ = {
			isa = PBXResourcesBuildPhase;
			buildActionMask = 2147483647;
			files = (
				AA08482B2722428B0030A005 /* LaunchScreen.storyboard in Resources */,
				AA0848282722428B0030A005 /* Assets.xcassets in Resources */,
				AA084826272242890030A005 /* Main.storyboard in Resources */,
				AA08484327224F560030A005 /* CharacterCellTableViewCell.xib in Resources */,
			);
			runOnlyForDeploymentPostprocessing = 0;
		};
/* End PBXResourcesBuildPhase section */

/* Begin PBXSourcesBuildPhase section */
		AA084817272242890030A005 /* Sources */ = {
			isa = PBXSourcesBuildPhase;
			buildActionMask = 2147483647;
			files = (
				AA084849272691D40030A005 /* Character.swift in Sources */,
				AA08483B272249A00030A005 /* CharacterViewController.swift in Sources */,
				AA084823272242890030A005 /* ViewController.swift in Sources */,
				AA08481F272242890030A005 /* AppDelegate.swift in Sources */,
				AA084821272242890030A005 /* SceneDelegate.swift in Sources */,
				AA084845272361A20030A005 /* CharacterInfoViewController.swift in Sources */,
				AA181895272759A8001FF35B /* CharacterCellTableViewCell.swift in Sources */,
				AA08484B272691E00030A005 /* Characters.swift in Sources */,
			);
			runOnlyForDeploymentPostprocessing = 0;
		};
/* End PBXSourcesBuildPhase section */

/* Begin PBXVariantGroup section */
		AA084824272242890030A005 /* Main.storyboard */ = {
			isa = PBXVariantGroup;
			children = (
				AA084825272242890030A005 /* Base */,
			);
			name = Main.storyboard;
			sourceTree = "<group>";
		};
		AA0848292722428B0030A005 /* LaunchScreen.storyboard */ = {
			isa = PBXVariantGroup;
			children = (
				AA08482A2722428B0030A005 /* Base */,
			);
			name = LaunchScreen.storyboard;
			sourceTree = "<group>";
		};
/* End PBXVariantGroup section */

/* Begin XCBuildConfiguration section */
		AA08482D2722428B0030A005 /* Debug */ = {
			isa = XCBuildConfiguration;
			buildSettings = {
				ALWAYS_SEARCH_USER_PATHS = NO;
				CLANG_ANALYZER_NONNULL = YES;
				CLANG_ANALYZER_NUMBER_OBJECT_CONVERSION = YES_AGGRESSIVE;
				CLANG_CXX_LANGUAGE_STANDARD = "gnu++17";
				CLANG_CXX_LIBRARY = "libc++";
				CLANG_ENABLE_MODULES = YES;
				CLANG_ENABLE_OBJC_ARC = YES;
				CLANG_ENABLE_OBJC_WEAK = YES;
				CLANG_WARN_BLOCK_CAPTURE_AUTORELEASING = YES;
				CLANG_WARN_BOOL_CONVERSION = YES;
				CLANG_WARN_COMMA = YES;
				CLANG_WARN_CONSTANT_CONVERSION = YES;
				CLANG_WARN_DEPRECATED_OBJC_IMPLEMENTATIONS = YES;
				CLANG_WARN_DIRECT_OBJC_ISA_USAGE = YES_ERROR;
				CLANG_WARN_DOCUMENTATION_COMMENTS = YES;
				CLANG_WARN_EMPTY_BODY = YES;
				CLANG_WARN_ENUM_CONVERSION = YES;
				CLANG_WARN_INFINITE_RECURSION = YES;
				CLANG_WARN_INT_CONVERSION = YES;
				CLANG_WARN_NON_LITERAL_NULL_CONVERSION = YES;
				CLANG_WARN_OBJC_IMPLICIT_RETAIN_SELF = YES;
				CLANG_WARN_OBJC_LITERAL_CONVERSION = YES;
				CLANG_WARN_OBJC_ROOT_CLASS = YES_ERROR;
				CLANG_WARN_QUOTED_INCLUDE_IN_FRAMEWORK_HEADER = YES;
				CLANG_WARN_RANGE_LOOP_ANALYSIS = YES;
				CLANG_WARN_STRICT_PROTOTYPES = YES;
				CLANG_WARN_SUSPICIOUS_MOVE = YES;
				CLANG_WARN_UNGUARDED_AVAILABILITY = YES_AGGRESSIVE;
				CLANG_WARN_UNREACHABLE_CODE = YES;
				CLANG_WARN__DUPLICATE_METHOD_MATCH = YES;
				COPY_PHASE_STRIP = NO;
				DEBUG_INFORMATION_FORMAT = dwarf;
				ENABLE_STRICT_OBJC_MSGSEND = YES;
				ENABLE_TESTABILITY = YES;
				GCC_C_LANGUAGE_STANDARD = gnu11;
				GCC_DYNAMIC_NO_PIC = NO;
				GCC_NO_COMMON_BLOCKS = YES;
				GCC_OPTIMIZATION_LEVEL = 0;
				GCC_PREPROCESSOR_DEFINITIONS = (
					"DEBUG=1",
					"$(inherited)",
				);
				GCC_WARN_64_TO_32_BIT_CONVERSION = YES;
				GCC_WARN_ABOUT_RETURN_TYPE = YES_ERROR;
				GCC_WARN_UNDECLARED_SELECTOR = YES;
				GCC_WARN_UNINITIALIZED_AUTOS = YES_AGGRESSIVE;
				GCC_WARN_UNUSED_FUNCTION = YES;
				GCC_WARN_UNUSED_VARIABLE = YES;
				IPHONEOS_DEPLOYMENT_TARGET = 15.0;
				MTL_ENABLE_DEBUG_INFO = INCLUDE_SOURCE;
				MTL_FAST_MATH = YES;
				ONLY_ACTIVE_ARCH = YES;
				SDKROOT = iphoneos;
				SWIFT_ACTIVE_COMPILATION_CONDITIONS = DEBUG;
				SWIFT_OPTIMIZATION_LEVEL = "-Onone";
			};
			name = Debug;
		};
		AA08482E2722428B0030A005 /* Release */ = {
			isa = XCBuildConfiguration;
			buildSettings = {
				ALWAYS_SEARCH_USER_PATHS = NO;
				CLANG_ANALYZER_NONNULL = YES;
				CLANG_ANALYZER_NUMBER_OBJECT_CONVERSION = YES_AGGRESSIVE;
				CLANG_CXX_LANGUAGE_STANDARD = "gnu++17";
				CLANG_CXX_LIBRARY = "libc++";
				CLANG_ENABLE_MODULES = YES;
				CLANG_ENABLE_OBJC_ARC = YES;
				CLANG_ENABLE_OBJC_WEAK = YES;
				CLANG_WARN_BLOCK_CAPTURE_AUTORELEASING = YES;
				CLANG_WARN_BOOL_CONVERSION = YES;
				CLANG_WARN_COMMA = YES;
				CLANG_WARN_CONSTANT_CONVERSION = YES;
				CLANG_WARN_DEPRECATED_OBJC_IMPLEMENTATIONS = YES;
				CLANG_WARN_DIRECT_OBJC_ISA_USAGE = YES_ERROR;
				CLANG_WARN_DOCUMENTATION_COMMENTS = YES;
				CLANG_WARN_EMPTY_BODY = YES;
				CLANG_WARN_ENUM_CONVERSION = YES;
				CLANG_WARN_INFINITE_RECURSION = YES;
				CLANG_WARN_INT_CONVERSION = YES;
				CLANG_WARN_NON_LITERAL_NULL_CONVERSION = YES;
				CLANG_WARN_OBJC_IMPLICIT_RETAIN_SELF = YES;
				CLANG_WARN_OBJC_LITERAL_CONVERSION = YES;
				CLANG_WARN_OBJC_ROOT_CLASS = YES_ERROR;
				CLANG_WARN_QUOTED_INCLUDE_IN_FRAMEWORK_HEADER = YES;
				CLANG_WARN_RANGE_LOOP_ANALYSIS = YES;
				CLANG_WARN_STRICT_PROTOTYPES = YES;
				CLANG_WARN_SUSPICIOUS_MOVE = YES;
				CLANG_WARN_UNGUARDED_AVAILABILITY = YES_AGGRESSIVE;
				CLANG_WARN_UNREACHABLE_CODE = YES;
				CLANG_WARN__DUPLICATE_METHOD_MATCH = YES;
				COPY_PHASE_STRIP = NO;
				DEBUG_INFORMATION_FORMAT = "dwarf-with-dsym";
				ENABLE_NS_ASSERTIONS = NO;
				ENABLE_STRICT_OBJC_MSGSEND = YES;
				GCC_C_LANGUAGE_STANDARD = gnu11;
				GCC_NO_COMMON_BLOCKS = YES;
				GCC_WARN_64_TO_32_BIT_CONVERSION = YES;
				GCC_WARN_ABOUT_RETURN_TYPE = YES_ERROR;
				GCC_WARN_UNDECLARED_SELECTOR = YES;
				GCC_WARN_UNINITIALIZED_AUTOS = YES_AGGRESSIVE;
				GCC_WARN_UNUSED_FUNCTION = YES;
				GCC_WARN_UNUSED_VARIABLE = YES;
				IPHONEOS_DEPLOYMENT_TARGET = 15.0;
				MTL_ENABLE_DEBUG_INFO = NO;
				MTL_FAST_MATH = YES;
				SDKROOT = iphoneos;
				SWIFT_COMPILATION_MODE = wholemodule;
				SWIFT_OPTIMIZATION_LEVEL = "-O";
				VALIDATE_PRODUCT = YES;
			};
			name = Release;
		};
		AA0848302722428B0030A005 /* Debug */ = {
			isa = XCBuildConfiguration;
			buildSettings = {
				ASSETCATALOG_COMPILER_APPICON_NAME = AppIcon;
				ASSETCATALOG_COMPILER_GLOBAL_ACCENT_COLOR_NAME = AccentColor;
				CODE_SIGN_STYLE = Automatic;
				CURRENT_PROJECT_VERSION = 1;
				DEVELOPMENT_TEAM = 574BASQ9QP;
				GENERATE_INFOPLIST_FILE = YES;
				INFOPLIST_FILE = "Betrayal at House on the Hill/Info.plist";
				INFOPLIST_KEY_UIApplicationSupportsIndirectInputEvents = YES;
				INFOPLIST_KEY_UILaunchStoryboardName = LaunchScreen;
				INFOPLIST_KEY_UIMainStoryboardFile = Main;
				INFOPLIST_KEY_UISupportedInterfaceOrientations_iPad = "UIInterfaceOrientationLandscapeLeft UIInterfaceOrientationLandscapeRight";
				INFOPLIST_KEY_UISupportedInterfaceOrientations_iPhone = "UIInterfaceOrientationPortrait UIInterfaceOrientationLandscapeLeft UIInterfaceOrientationLandscapeRight";
				LD_RUNPATH_SEARCH_PATHS = (
					"$(inherited)",
					"@executable_path/Frameworks",
				);
				MARKETING_VERSION = 1.0;
				PRODUCT_BUNDLE_IDENTIFIER = "dev.tesch.Betrayal-at-House-on-the-Hill";
				PRODUCT_NAME = "$(TARGET_NAME)";
				SWIFT_EMIT_LOC_STRINGS = YES;
				SWIFT_VERSION = 5.0;
				TARGETED_DEVICE_FAMILY = 2;
			};
			name = Debug;
		};
		AA0848312722428B0030A005 /* Release */ = {
			isa = XCBuildConfiguration;
			buildSettings = {
				ASSETCATALOG_COMPILER_APPICON_NAME = AppIcon;
				ASSETCATALOG_COMPILER_GLOBAL_ACCENT_COLOR_NAME = AccentColor;
				CODE_SIGN_STYLE = Automatic;
				CURRENT_PROJECT_VERSION = 1;
				DEVELOPMENT_TEAM = 574BASQ9QP;
				GENERATE_INFOPLIST_FILE = YES;
				INFOPLIST_FILE = "Betrayal at House on the Hill/Info.plist";
				INFOPLIST_KEY_UIApplicationSupportsIndirectInputEvents = YES;
				INFOPLIST_KEY_UILaunchStoryboardName = LaunchScreen;
				INFOPLIST_KEY_UIMainStoryboardFile = Main;
				INFOPLIST_KEY_UISupportedInterfaceOrientations_iPad = "UIInterfaceOrientationLandscapeLeft UIInterfaceOrientationLandscapeRight";
				INFOPLIST_KEY_UISupportedInterfaceOrientations_iPhone = "UIInterfaceOrientationPortrait UIInterfaceOrientationLandscapeLeft UIInterfaceOrientationLandscapeRight";
				LD_RUNPATH_SEARCH_PATHS = (
					"$(inherited)",
					"@executable_path/Frameworks",
				);
				MARKETING_VERSION = 1.0;
				PRODUCT_BUNDLE_IDENTIFIER = "dev.tesch.Betrayal-at-House-on-the-Hill";
				PRODUCT_NAME = "$(TARGET_NAME)";
				SWIFT_EMIT_LOC_STRINGS = YES;
				SWIFT_VERSION = 5.0;
				TARGETED_DEVICE_FAMILY = 2;
			};
			name = Release;
		};
/* End XCBuildConfiguration section */

/* Begin XCConfigurationList section */
		AA084816272242890030A005 /* Build configuration list for PBXProject "Betrayal at House on the Hill" */ = {
			isa = XCConfigurationList;
			buildConfigurations = (
				AA08482D2722428B0030A005 /* Debug */,
				AA08482E2722428B0030A005 /* Release */,
			);
			defaultConfigurationIsVisible = 0;
			defaultConfigurationName = Release;
		};
		AA08482F2722428B0030A005 /* Build configuration list for PBXNativeTarget "Betrayal at House on the Hill" */ = {
			isa = XCConfigurationList;
			buildConfigurations = (
				AA0848302722428B0030A005 /* Debug */,
				AA0848312722428B0030A005 /* Release */,
			);
			defaultConfigurationIsVisible = 0;
			defaultConfigurationName = Release;
		};
/* End XCConfigurationList section */
	};
	rootObject = AA084813272242890030A005 /* Project object */;
}
